
Microsoft Visual Studio Solution File, Format Version 12.00
# Visual Studio Version 17
VisualStudioVersion = 17.11.35327.3
MinimumVisualStudioVersion = 10.0.40219.1
Project("{2150E333-8FDC-42A3-9474-1A3956D46DE8}") = "src", "src", "{4436A199-2C05-4E16-9332-CC3245B78C80}"
EndProject
Project("{FAE04EC0-301F-11D3-BF4B-00C04F79EFBC}") = "LendingLibrary.Core", "LendingLibrary.Core\LendingLibrary.Core.csproj", "{B528B816-C867-4AA8-9EC2-212D6E59A3F4}"
EndProject
Project("{FAE04EC0-301F-11D3-BF4B-00C04F79EFBC}") = "LendingLibrary.Infrastructure", "LendingLibrary.Infrastructure\LendingLibrary.Infrastructure.csproj", "{F096DC85-53B0-48D0-9703-06FD6DDC46F2}"
EndProject
Project("{FAE04EC0-301F-11D3-BF4B-00C04F79EFBC}") = "LendingLibrary.Presentation", "LendingLibrary.Presentation\LendingLibrary.Presentation.csproj", "{9ADE8C4C-DE51-488E-903B-6064D29EB68D}"
EndProject
Global
	GlobalSection(SolutionConfigurationPlatforms) = preSolution
		Debug|Any CPU = Debug|Any CPU
		Release|Any CPU = Release|Any CPU
	EndGlobalSection
	GlobalSection(ProjectConfigurationPlatforms) = postSolution
		{B528B816-C867-4AA8-9EC2-212D6E59A3F4}.Debug|Any CPU.ActiveCfg = Debug|Any CPU
		{B528B816-C867-4AA8-9EC2-212D6E59A3F4}.Debug|Any CPU.Build.0 = Debug|Any CPU
		{B528B816-C867-4AA8-9EC2-212D6E59A3F4}.Release|Any CPU.ActiveCfg = Release|Any CPU
		{B528B816-C867-4AA8-9EC2-212D6E59A3F4}.Release|Any CPU.Build.0 = Release|Any CPU
		{F096DC85-53B0-48D0-9703-06FD6DDC46F2}.Debug|Any CPU.ActiveCfg = Debug|Any CPU
		{F096DC85-53B0-48D0-9703-06FD6DDC46F2}.Debug|Any CPU.Build.0 = Debug|Any CPU
		{F096DC85-53B0-48D0-9703-06FD6DDC46F2}.Release|Any CPU.ActiveCfg = Release|Any CPU
		{F096DC85-53B0-48D0-9703-06FD6DDC46F2}.Release|Any CPU.Build.0 = Release|Any CPU
		{9ADE8C4C-DE51-488E-903B-6064D29EB68D}.Debug|Any CPU.ActiveCfg = Debug|Any CPU
		{9ADE8C4C-DE51-488E-903B-6064D29EB68D}.Debug|Any CPU.Build.0 = Debug|Any CPU
		{9ADE8C4C-DE51-488E-903B-6064D29EB68D}.Release|Any CPU.ActiveCfg = Release|Any CPU
		{9ADE8C4C-DE51-488E-903B-6064D29EB68D}.Release|Any CPU.Build.0 = Release|Any CPU
	EndGlobalSection
	GlobalSection(SolutionProperties) = preSolution
		HideSolutionNode = FALSE
	EndGlobalSection
	GlobalSection(NestedProjects) = preSolution
		{B528B816-C867-4AA8-9EC2-212D6E59A3F4} = {4436A199-2C05-4E16-9332-CC3245B78C80}
		{F096DC85-53B0-48D0-9703-06FD6DDC46F2} = {4436A199-2C05-4E16-9332-CC3245B78C80}
		{9ADE8C4C-DE51-488E-903B-6064D29EB68D} = {4436A199-2C05-4E16-9332-CC3245B78C80}
	EndGlobalSection
	GlobalSection(ExtensibilityGlobals) = postSolution
		SolutionGuid = {B48822C8-E071-4B0E-8A2B-F99F56F4DF26}
	EndGlobalSection
EndGlobal
